
Microsoft Visual Studio Solution File, Format Version 12.00
# Visual Studio 15
VisualStudioVersion = 15.0.27703.2035
MinimumVisualStudioVersion = 10.0.40219.1
Project("{FAE04EC0-301F-11D3-BF4B-00C04F79EFBC}") = "FilRouge", "FilRouge\FilRouge.csproj", "{F9A7EC9D-4D0E-4F4C-946B-2443D286EFA4}"
EndProject
Global
	GlobalSection(SolutionConfigurationPlatforms) = preSolution
		Debug|Any CPU = Debug|Any CPU
		Release|Any CPU = Release|Any CPU
	EndGlobalSection
	GlobalSection(ProjectConfigurationPlatforms) = postSolution
		{F9A7EC9D-4D0E-4F4C-946B-2443D286EFA4}.Debug|Any CPU.ActiveCfg = Debug|Any CPU
		{F9A7EC9D-4D0E-4F4C-946B-2443D286EFA4}.Debug|Any CPU.Build.0 = Debug|Any CPU
		{F9A7EC9D-4D0E-4F4C-946B-2443D286EFA4}.Release|Any CPU.ActiveCfg = Release|Any CPU
		{F9A7EC9D-4D0E-4F4C-946B-2443D286EFA4}.Release|Any CPU.Build.0 = Release|Any CPU
	EndGlobalSection
	GlobalSection(SolutionProperties) = preSolution
		HideSolutionNode = FALSE
	EndGlobalSection
	GlobalSection(ExtensibilityGlobals) = postSolution
		SolutionGuid = {FDE28392-7E4B-44B0-8B63-391BC6B2693D}
	EndGlobalSection
EndGlobal
